
Microsoft Visual Studio Solution File, Format Version 12.00
# Visual Studio Version 16
VisualStudioVersion = 16.0.30320.27
MinimumVisualStudioVersion = 10.0.40219.1
Project("{9A19103F-16F7-4668-BE54-9A1E7A4F7556}") = "UserDataFaker.ConsoleUI", "UserDataFaker.ConsoleUI\UserDataFaker.ConsoleUI.csproj", "{FB20316D-8212-49C1-93D3-D19A92FA38A7}"
EndProject
Project("{FAE04EC0-301F-11D3-BF4B-00C04F79EFBC}") = "UserDataFaker.Library", "UserDataFaker.Library\UserDataFaker.Library.csproj", "{45063EEA-FBEC-420B-B7EB-0BCF9A94C040}"
EndProject
Global
	GlobalSection(SolutionConfigurationPlatforms) = preSolution
		Debug|Any CPU = Debug|Any CPU
		Release|Any CPU = Release|Any CPU
	EndGlobalSection
	GlobalSection(ProjectConfigurationPlatforms) = postSolution
		{FB20316D-8212-49C1-93D3-D19A92FA38A7}.Debug|Any CPU.ActiveCfg = Debug|Any CPU
		{FB20316D-8212-49C1-93D3-D19A92FA38A7}.Debug|Any CPU.Build.0 = Debug|Any CPU
		{FB20316D-8212-49C1-93D3-D19A92FA38A7}.Release|Any CPU.ActiveCfg = Release|Any CPU
		{FB20316D-8212-49C1-93D3-D19A92FA38A7}.Release|Any CPU.Build.0 = Release|Any CPU
		{45063EEA-FBEC-420B-B7EB-0BCF9A94C040}.Debug|Any CPU.ActiveCfg = Debug|Any CPU
		{45063EEA-FBEC-420B-B7EB-0BCF9A94C040}.Debug|Any CPU.Build.0 = Debug|Any CPU
		{45063EEA-FBEC-420B-B7EB-0BCF9A94C040}.Release|Any CPU.ActiveCfg = Release|Any CPU
		{45063EEA-FBEC-420B-B7EB-0BCF9A94C040}.Release|Any CPU.Build.0 = Release|Any CPU
	EndGlobalSection
	GlobalSection(SolutionProperties) = preSolution
		HideSolutionNode = FALSE
	EndGlobalSection
	GlobalSection(ExtensibilityGlobals) = postSolution
		SolutionGuid = {01AB20EA-FD96-4EEF-BA7E-0A265E931701}
	EndGlobalSection
EndGlobal
